
Microsoft Visual Studio Solution File, Format Version 12.00
# Visual Studio 14
VisualStudioVersion = 14.0.25420.1
MinimumVisualStudioVersion = 10.0.40219.1
Project("{FAE04EC0-301F-11D3-BF4B-00C04F79EFBC}") = "SpaceShooter", "SpaceShooter\SpaceShooter.csproj", "{7B40FDF4-D1C2-4E36-BFF8-6AD8826B8541}"
EndProject
Project("{FAE04EC0-301F-11D3-BF4B-00C04F79EFBC}") = "AnimationLibrary", "AnimationLibrary\AnimationLibrary.csproj", "{31B8ABF3-3D4B-489B-BBFC-EC849BB5D17E}"
EndProject
Project("{FAE04EC0-301F-11D3-BF4B-00C04F79EFBC}") = "PenetratorGame", "PenetratorGame\PenetratorGame.csproj", "{05DB18E0-195A-46F3-91F3-B5C5C5928E9A}"
EndProject
Project("{FAE04EC0-301F-11D3-BF4B-00C04F79EFBC}") = "MonogameExtensions", "MonogameExtensions\MonogameExtensions.csproj", "{B9262900-6EE6-4AA3-8A4D-75895BA76DC5}"
EndProject
Global
	GlobalSection(SolutionConfigurationPlatforms) = preSolution
		Debug|Any CPU = Debug|Any CPU
		Release|Any CPU = Release|Any CPU
	EndGlobalSection
	GlobalSection(ProjectConfigurationPlatforms) = postSolution
		{7B40FDF4-D1C2-4E36-BFF8-6AD8826B8541}.Debug|Any CPU.ActiveCfg = Debug|Any CPU
		{7B40FDF4-D1C2-4E36-BFF8-6AD8826B8541}.Debug|Any CPU.Build.0 = Debug|Any CPU
		{7B40FDF4-D1C2-4E36-BFF8-6AD8826B8541}.Release|Any CPU.ActiveCfg = Release|Any CPU
		{7B40FDF4-D1C2-4E36-BFF8-6AD8826B8541}.Release|Any CPU.Build.0 = Release|Any CPU
		{31B8ABF3-3D4B-489B-BBFC-EC849BB5D17E}.Debug|Any CPU.ActiveCfg = Debug|Any CPU
		{31B8ABF3-3D4B-489B-BBFC-EC849BB5D17E}.Debug|Any CPU.Build.0 = Debug|Any CPU
		{31B8ABF3-3D4B-489B-BBFC-EC849BB5D17E}.Release|Any CPU.ActiveCfg = Release|Any CPU
		{31B8ABF3-3D4B-489B-BBFC-EC849BB5D17E}.Release|Any CPU.Build.0 = Release|Any CPU
		{05DB18E0-195A-46F3-91F3-B5C5C5928E9A}.Debug|Any CPU.ActiveCfg = Debug|Any CPU
		{05DB18E0-195A-46F3-91F3-B5C5C5928E9A}.Debug|Any CPU.Build.0 = Debug|Any CPU
		{05DB18E0-195A-46F3-91F3-B5C5C5928E9A}.Release|Any CPU.ActiveCfg = Release|Any CPU
		{05DB18E0-195A-46F3-91F3-B5C5C5928E9A}.Release|Any CPU.Build.0 = Release|Any CPU
		{B9262900-6EE6-4AA3-8A4D-75895BA76DC5}.Debug|Any CPU.ActiveCfg = Debug|Any CPU
		{B9262900-6EE6-4AA3-8A4D-75895BA76DC5}.Debug|Any CPU.Build.0 = Debug|Any CPU
		{B9262900-6EE6-4AA3-8A4D-75895BA76DC5}.Release|Any CPU.ActiveCfg = Release|Any CPU
		{B9262900-6EE6-4AA3-8A4D-75895BA76DC5}.Release|Any CPU.Build.0 = Release|Any CPU
	EndGlobalSection
	GlobalSection(SolutionProperties) = preSolution
		HideSolutionNode = FALSE
	EndGlobalSection
EndGlobal
